
Microsoft Visual Studio Solution File, Format Version 12.00
# Visual Studio Version 17
VisualStudioVersion = 17.9.34622.214
MinimumVisualStudioVersion = 10.0.40219.1
Project("{FAE04EC0-301F-11D3-BF4B-00C04F79EFBC}") = "Warmup", "Warmup\Warmup.csproj", "{FE8E17CE-A3E6-4362-96EB-CB6A50E5D9C8}"
EndProject
Project("{FAE04EC0-301F-11D3-BF4B-00C04F79EFBC}") = "Warmup.Tests", "Warmup.Tests\Warmup.Tests.csproj", "{F13BB7E1-6734-4574-9F54-745F05153BDF}"
EndProject
Global
	GlobalSection(SolutionConfigurationPlatforms) = preSolution
		Debug|Any CPU = Debug|Any CPU
		Release|Any CPU = Release|Any CPU
	EndGlobalSection
	GlobalSection(ProjectConfigurationPlatforms) = postSolution
		{FE8E17CE-A3E6-4362-96EB-CB6A50E5D9C8}.Debug|Any CPU.ActiveCfg = Debug|Any CPU
		{FE8E17CE-A3E6-4362-96EB-CB6A50E5D9C8}.Debug|Any CPU.Build.0 = Debug|Any CPU
		{FE8E17CE-A3E6-4362-96EB-CB6A50E5D9C8}.Release|Any CPU.ActiveCfg = Release|Any CPU
		{FE8E17CE-A3E6-4362-96EB-CB6A50E5D9C8}.Release|Any CPU.Build.0 = Release|Any CPU
		{F13BB7E1-6734-4574-9F54-745F05153BDF}.Debug|Any CPU.ActiveCfg = Debug|Any CPU
		{F13BB7E1-6734-4574-9F54-745F05153BDF}.Debug|Any CPU.Build.0 = Debug|Any CPU
		{F13BB7E1-6734-4574-9F54-745F05153BDF}.Release|Any CPU.ActiveCfg = Release|Any CPU
		{F13BB7E1-6734-4574-9F54-745F05153BDF}.Release|Any CPU.Build.0 = Release|Any CPU
	EndGlobalSection
	GlobalSection(SolutionProperties) = preSolution
		HideSolutionNode = FALSE
	EndGlobalSection
	GlobalSection(ExtensibilityGlobals) = postSolution
		SolutionGuid = {6ABACC16-70EE-47B1-B1CE-0B33A148985C}
	EndGlobalSection
EndGlobal
